{
  "lockfileVersion": 2,
  "configVersion": 1,
  "workspaces": {
    "": {
      "name": "not-just-a-todo-app",
      "dependencies": {
        "bootstrap-show-password": "^1.3.0",
        "htmx.org": "2.0.11",
      },
    },
  },
  "packages": {
    "bootstrap-show-password": ["bootstrap-show-password@1.3.0", "", {}, "sha512-CSBAQFAK4qR0GDTDToRIDpFOwMTesVC+ipanHelssts2L72nnpbCpfs99iEPhCMyhXinA9yNIy53r3McuwigIA=="],

    "htmx.org": ["htmx.org@2.0.11", "", {}, "sha512-Thx/WtpeOQqSrqBCw/A1cwGJGg4UrVa3+sW0GmrM3p4gJgO89ecH4qtbnyzDDWFvBTqjnIMCgELTNt636dtamA=="],
  }
}
